
Microsoft Visual Studio Solution File, Format Version 12.00
# Visual Studio Version 17
VisualStudioVersion = 17.8.34525.116
MinimumVisualStudioVersion = 10.0.40219.1
Project("{8BC9CEB8-8B4A-11D0-8D11-00A0C91BC942}") = "OS06_01", "OS06_01\OS06_01.vcxproj", "{FDA8197C-3022-4E32-A652-4EF31B3FB5E4}"
EndProject
Project("{8BC9CEB8-8B4A-11D0-8D11-00A0C91BC942}") = "OS06_02", "OS06_02\OS06_02.vcxproj", "{4C9845A0-EBA5-4F59-BE9D-49E5D51BE244}"
EndProject
Project("{8BC9CEB8-8B4A-11D0-8D11-00A0C91BC942}") = "OS06_03", "OS06_03\OS06_03.vcxproj", "{CCD4497D-B35A-480B-97E0-D3BA2FA38153}"
EndProject
Project("{8BC9CEB8-8B4A-11D0-8D11-00A0C91BC942}") = "OS06_03A", "OS06_03A\OS06_03A.vcxproj", "{6A3D3250-FA2F-47FB-9E44-27AC7403FA42}"
EndProject
Project("{8BC9CEB8-8B4A-11D0-8D11-00A0C91BC942}") = "OS06_03B", "OS06_03B\OS06_03B.vcxproj", "{66738A61-D845-4510-91DA-D49DCADF8D62}"
EndProject
Project("{8BC9CEB8-8B4A-11D0-8D11-00A0C91BC942}") = "OS06_04", "OS06_04\OS06_04.vcxproj", "{E4472BCC-DD52-43C2-A444-492B90AB6160}"
EndProject
Project("{8BC9CEB8-8B4A-11D0-8D11-00A0C91BC942}") = "OS06_04A", "OS06_04A\OS06_04A.vcxproj", "{329D40FD-C026-4F67-A907-AF7486D3FAF8}"
EndProject
Project("{8BC9CEB8-8B4A-11D0-8D11-00A0C91BC942}") = "OS06_04B", "OS06_04B\OS06_04B.vcxproj", "{206AB1CF-826D-42E4-8B00-39DFDE3B1E92}"
EndProject
Project("{8BC9CEB8-8B4A-11D0-8D11-00A0C91BC942}") = "OS06_05", "OS06_05\OS06_05.vcxproj", "{156F1FDD-3667-437C-8984-89816861A2F1}"
EndProject
Project("{8BC9CEB8-8B4A-11D0-8D11-00A0C91BC942}") = "OS06_05A", "OS06_05A\OS06_05A.vcxproj", "{09F393D6-9FA6-4979-BBE2-760ECC80AB6F}"
EndProject
Project("{8BC9CEB8-8B4A-11D0-8D11-00A0C91BC942}") = "OS06_05B", "OS06_05B\OS06_05B.vcxproj", "{674669FB-2572-4534-964C-E8CCB6F48AED}"
EndProject
Global
	GlobalSection(SolutionConfigurationPlatforms) = preSolution
		Debug|x64 = Debug|x64
		Debug|x86 = Debug|x86
		Release|x64 = Release|x64
		Release|x86 = Release|x86
	EndGlobalSection
	GlobalSection(ProjectConfigurationPlatforms) = postSolution
		{FDA8197C-3022-4E32-A652-4EF31B3FB5E4}.Debug|x64.ActiveCfg = Debug|x64
		{FDA8197C-3022-4E32-A652-4EF31B3FB5E4}.Debug|x64.Build.0 = Debug|x64
		{FDA8197C-3022-4E32-A652-4EF31B3FB5E4}.Debug|x86.ActiveCfg = Debug|Win32
		{FDA8197C-3022-4E32-A652-4EF31B3FB5E4}.Debug|x86.Build.0 = Debug|Win32
		{FDA8197C-3022-4E32-A652-4EF31B3FB5E4}.Release|x64.ActiveCfg = Release|x64
		{FDA8197C-3022-4E32-A652-4EF31B3FB5E4}.Release|x64.Build.0 = Release|x64
		{FDA8197C-3022-4E32-A652-4EF31B3FB5E4}.Release|x86.ActiveCfg = Release|Win32
		{FDA8197C-3022-4E32-A652-4EF31B3FB5E4}.Release|x86.Build.0 = Release|Win32
		{4C9845A0-EBA5-4F59-BE9D-49E5D51BE244}.Debug|x64.ActiveCfg = Debug|x64
		{4C9845A0-EBA5-4F59-BE9D-49E5D51BE244}.Debug|x64.Build.0 = Debug|x64
		{4C9845A0-EBA5-4F59-BE9D-49E5D51BE244}.Debug|x86.ActiveCfg = Debug|Win32
		{4C9845A0-EBA5-4F59-BE9D-49E5D51BE244}.Debug|x86.Build.0 = Debug|Win32
		{4C9845A0-EBA5-4F59-BE9D-49E5D51BE244}.Release|x64.ActiveCfg = Release|x64
		{4C9845A0-EBA5-4F59-BE9D-49E5D51BE244}.Release|x64.Build.0 = Release|x64
		{4C9845A0-EBA5-4F59-BE9D-49E5D51BE244}.Release|x86.ActiveCfg = Release|Win32
		{4C9845A0-EBA5-4F59-BE9D-49E5D51BE244}.Release|x86.Build.0 = Release|Win32
		{CCD4497D-B35A-480B-97E0-D3BA2FA38153}.Debug|x64.ActiveCfg = Debug|x64
		{CCD4497D-B35A-480B-97E0-D3BA2FA38153}.Debug|x64.Build.0 = Debug|x64
		{CCD4497D-B35A-480B-97E0-D3BA2FA38153}.Debug|x86.ActiveCfg = Debug|Win32
		{CCD4497D-B35A-480B-97E0-D3BA2FA38153}.Debug|x86.Build.0 = Debug|Win32
		{CCD4497D-B35A-480B-97E0-D3BA2FA38153}.Release|x64.ActiveCfg = Release|x64
		{CCD4497D-B35A-480B-97E0-D3BA2FA38153}.Release|x64.Build.0 = Release|x64
		{CCD4497D-B35A-480B-97E0-D3BA2FA38153}.Release|x86.ActiveCfg = Release|Win32
		{CCD4497D-B35A-480B-97E0-D3BA2FA38153}.Release|x86.Build.0 = Release|Win32
		{6A3D3250-FA2F-47FB-9E44-27AC7403FA42}.Debug|x64.ActiveCfg = Debug|x64
		{6A3D3250-FA2F-47FB-9E44-27AC7403FA42}.Debug|x64.Build.0 = Debug|x64
		{6A3D3250-FA2F-47FB-9E44-27AC7403FA42}.Debug|x86.ActiveCfg = Debug|Win32
		{6A3D3250-FA2F-47FB-9E44-27AC7403FA42}.Debug|x86.Build.0 = Debug|Win32
		{6A3D3250-FA2F-47FB-9E44-27AC7403FA42}.Release|x64.ActiveCfg = Release|x64
		{6A3D3250-FA2F-47FB-9E44-27AC7403FA42}.Release|x64.Build.0 = Release|x64
		{6A3D3250-FA2F-47FB-9E44-27AC7403FA42}.Release|x86.ActiveCfg = Release|Win32
		{6A3D3250-FA2F-47FB-9E44-27AC7403FA42}.Release|x86.Build.0 = Release|Win32
		{66738A61-D845-4510-91DA-D49DCADF8D62}.Debug|x64.ActiveCfg = Debug|x64
		{66738A61-D845-4510-91DA-D49DCADF8D62}.Debug|x64.Build.0 = Debug|x64
		{66738A61-D845-4510-91DA-D49DCADF8D62}.Debug|x86.ActiveCfg = Debug|Win32
		{66738A61-D845-4510-91DA-D49DCADF8D62}.Debug|x86.Build.0 = Debug|Win32
		{66738A61-D845-4510-91DA-D49DCADF8D62}.Release|x64.ActiveCfg = Release|x64
		{66738A61-D845-4510-91DA-D49DCADF8D62}.Release|x64.Build.0 = Release|x64
		{66738A61-D845-4510-91DA-D49DCADF8D62}.Release|x86.ActiveCfg = Release|Win32
		{66738A61-D845-4510-91DA-D49DCADF8D62}.Release|x86.Build.0 = Release|Win32
		{E4472BCC-DD52-43C2-A444-492B90AB6160}.Debug|x64.ActiveCfg = Debug|x64
		{E4472BCC-DD52-43C2-A444-492B90AB6160}.Debug|x64.Build.0 = Debug|x64
		{E4472BCC-DD52-43C2-A444-492B90AB6160}.Debug|x86.ActiveCfg = Debug|Win32
		{E4472BCC-DD52-43C2-A444-492B90AB6160}.Debug|x86.Build.0 = Debug|Win32
		{E4472BCC-DD52-43C2-A444-492B90AB6160}.Release|x64.ActiveCfg = Release|x64
		{E4472BCC-DD52-43C2-A444-492B90AB6160}.Release|x64.Build.0 = Release|x64
		{E4472BCC-DD52-43C2-A444-492B90AB6160}.Release|x86.ActiveCfg = Release|Win32
		{E4472BCC-DD52-43C2-A444-492B90AB6160}.Release|x86.Build.0 = Release|Win32
		{329D40FD-C026-4F67-A907-AF7486D3FAF8}.Debug|x64.ActiveCfg = Debug|x64
		{329D40FD-C026-4F67-A907-AF7486D3FAF8}.Debug|x64.Build.0 = Debug|x64
		{329D40FD-C026-4F67-A907-AF7486D3FAF8}.Debug|x86.ActiveCfg = Debug|Win32
		{329D40FD-C026-4F67-A907-AF7486D3FAF8}.Debug|x86.Build.0 = Debug|Win32
		{329D40FD-C026-4F67-A907-AF7486D3FAF8}.Release|x64.ActiveCfg = Release|x64
		{329D40FD-C026-4F67-A907-AF7486D3FAF8}.Release|x64.Build.0 = Release|x64
		{329D40FD-C026-4F67-A907-AF7486D3FAF8}.Release|x86.ActiveCfg = Release|Win32
		{329D40FD-C026-4F67-A907-AF7486D3FAF8}.Release|x86.Build.0 = Release|Win32
		{206AB1CF-826D-42E4-8B00-39DFDE3B1E92}.Debug|x64.ActiveCfg = Debug|x64
		{206AB1CF-826D-42E4-8B00-39DFDE3B1E92}.Debug|x64.Build.0 = Debug|x64
		{206AB1CF-826D-42E4-8B00-39DFDE3B1E92}.Debug|x86.ActiveCfg = Debug|Win32
		{206AB1CF-826D-42E4-8B00-39DFDE3B1E92}.Debug|x86.Build.0 = Debug|Win32
		{206AB1CF-826D-42E4-8B00-39DFDE3B1E92}.Release|x64.ActiveCfg = Release|x64
		{206AB1CF-826D-42E4-8B00-39DFDE3B1E92}.Release|x64.Build.0 = Release|x64
		{206AB1CF-826D-42E4-8B00-39DFDE3B1E92}.Release|x86.ActiveCfg = Release|Win32
		{206AB1CF-826D-42E4-8B00-39DFDE3B1E92}.Release|x86.Build.0 = Release|Win32
		{156F1FDD-3667-437C-8984-89816861A2F1}.Debug|x64.ActiveCfg = Debug|x64
		{156F1FDD-3667-437C-8984-89816861A2F1}.Debug|x64.Build.0 = Debug|x64
		{156F1FDD-3667-437C-8984-89816861A2F1}.Debug|x86.ActiveCfg = Debug|Win32
		{156F1FDD-3667-437C-8984-89816861A2F1}.Debug|x86.Build.0 = Debug|Win32
		{156F1FDD-3667-437C-8984-89816861A2F1}.Release|x64.ActiveCfg = Release|x64
		{156F1FDD-3667-437C-8984-89816861A2F1}.Release|x64.Build.0 = Release|x64
		{156F1FDD-3667-437C-8984-89816861A2F1}.Release|x86.ActiveCfg = Release|Win32
		{156F1FDD-3667-437C-8984-89816861A2F1}.Release|x86.Build.0 = Release|Win32
		{09F393D6-9FA6-4979-BBE2-760ECC80AB6F}.Debug|x64.ActiveCfg = Debug|x64
		{09F393D6-9FA6-4979-BBE2-760ECC80AB6F}.Debug|x64.Build.0 = Debug|x64
		{09F393D6-9FA6-4979-BBE2-760ECC80AB6F}.Debug|x86.ActiveCfg = Debug|Win32
		{09F393D6-9FA6-4979-BBE2-760ECC80AB6F}.Debug|x86.Build.0 = Debug|Win32
		{09F393D6-9FA6-4979-BBE2-760ECC80AB6F}.Release|x64.ActiveCfg = Release|x64
		{09F393D6-9FA6-4979-BBE2-760ECC80AB6F}.Release|x64.Build.0 = Release|x64
		{09F393D6-9FA6-4979-BBE2-760ECC80AB6F}.Release|x86.ActiveCfg = Release|Win32
		{09F393D6-9FA6-4979-BBE2-760ECC80AB6F}.Release|x86.Build.0 = Release|Win32
		{674669FB-2572-4534-964C-E8CCB6F48AED}.Debug|x64.ActiveCfg = Debug|x64
		{674669FB-2572-4534-964C-E8CCB6F48AED}.Debug|x64.Build.0 = Debug|x64
		{674669FB-2572-4534-964C-E8CCB6F48AED}.Debug|x86.ActiveCfg = Debug|Win32
		{674669FB-2572-4534-964C-E8CCB6F48AED}.Debug|x86.Build.0 = Debug|Win32
		{674669FB-2572-4534-964C-E8CCB6F48AED}.Release|x64.ActiveCfg = Release|x64
		{674669FB-2572-4534-964C-E8CCB6F48AED}.Release|x64.Build.0 = Release|x64
		{674669FB-2572-4534-964C-E8CCB6F48AED}.Release|x86.ActiveCfg = Release|Win32
		{674669FB-2572-4534-964C-E8CCB6F48AED}.Release|x86.Build.0 = Release|Win32
	EndGlobalSection
	GlobalSection(SolutionProperties) = preSolution
		HideSolutionNode = FALSE
	EndGlobalSection
	GlobalSection(ExtensibilityGlobals) = postSolution
		SolutionGuid = {6BEB40C3-324B-4F35-8324-9ACA3187B18D}
	EndGlobalSection
EndGlobal
